
Microsoft Visual Studio Solution File, Format Version 12.00
# Visual Studio 15
VisualStudioVersion = 15.0.27703.2047
MinimumVisualStudioVersion = 10.0.40219.1
Project("{FAE04EC0-301F-11D3-BF4B-00C04F79EFBC}") = "QuanLyTiemGiatLa", "QuanLyTiemGiatLa\QuanLyTiemGiatLa.csproj", "{2B8FDECB-17EA-48E5-8CD9-E2CA3BA336D4}"
EndProject
Project("{FAE04EC0-301F-11D3-BF4B-00C04F79EFBC}") = "Entity", "Entity\Entity.csproj", "{273355CE-84BE-4926-9F5C-8A3588FC4776}"
EndProject
Project("{FAE04EC0-301F-11D3-BF4B-00C04F79EFBC}") = "Business", "Business\Business.csproj", "{C938F27F-51EF-47B6-BC68-7648B8166559}"
EndProject
Project("{FAE04EC0-301F-11D3-BF4B-00C04F79EFBC}") = "DataAccess", "DataAccess\DataAccess.csproj", "{B1D101AB-55AB-443C-941F-ADE326BD935C}"
EndProject
Global
	GlobalSection(SolutionConfigurationPlatforms) = preSolution
		Debug|Any CPU = Debug|Any CPU
		Release|Any CPU = Release|Any CPU
	EndGlobalSection
	GlobalSection(ProjectConfigurationPlatforms) = postSolution
		{2B8FDECB-17EA-48E5-8CD9-E2CA3BA336D4}.Debug|Any CPU.ActiveCfg = Debug|Any CPU
		{2B8FDECB-17EA-48E5-8CD9-E2CA3BA336D4}.Debug|Any CPU.Build.0 = Debug|Any CPU
		{2B8FDECB-17EA-48E5-8CD9-E2CA3BA336D4}.Release|Any CPU.ActiveCfg = Release|Any CPU
		{2B8FDECB-17EA-48E5-8CD9-E2CA3BA336D4}.Release|Any CPU.Build.0 = Release|Any CPU
		{273355CE-84BE-4926-9F5C-8A3588FC4776}.Debug|Any CPU.ActiveCfg = Debug|Any CPU
		{273355CE-84BE-4926-9F5C-8A3588FC4776}.Debug|Any CPU.Build.0 = Debug|Any CPU
		{273355CE-84BE-4926-9F5C-8A3588FC4776}.Release|Any CPU.ActiveCfg = Release|Any CPU
		{273355CE-84BE-4926-9F5C-8A3588FC4776}.Release|Any CPU.Build.0 = Release|Any CPU
		{C938F27F-51EF-47B6-BC68-7648B8166559}.Debug|Any CPU.ActiveCfg = Debug|Any CPU
		{C938F27F-51EF-47B6-BC68-7648B8166559}.Debug|Any CPU.Build.0 = Debug|Any CPU
		{C938F27F-51EF-47B6-BC68-7648B8166559}.Release|Any CPU.ActiveCfg = Release|Any CPU
		{C938F27F-51EF-47B6-BC68-7648B8166559}.Release|Any CPU.Build.0 = Release|Any CPU
		{B1D101AB-55AB-443C-941F-ADE326BD935C}.Debug|Any CPU.ActiveCfg = Debug|Any CPU
		{B1D101AB-55AB-443C-941F-ADE326BD935C}.Debug|Any CPU.Build.0 = Debug|Any CPU
		{B1D101AB-55AB-443C-941F-ADE326BD935C}.Release|Any CPU.ActiveCfg = Release|Any CPU
		{B1D101AB-55AB-443C-941F-ADE326BD935C}.Release|Any CPU.Build.0 = Release|Any CPU
	EndGlobalSection
	GlobalSection(SolutionProperties) = preSolution
		HideSolutionNode = FALSE
	EndGlobalSection
	GlobalSection(ExtensibilityGlobals) = postSolution
		SolutionGuid = {B77ED142-60E1-4C50-873C-27DBABB4AE58}
	EndGlobalSection
EndGlobal
